
Microsoft Visual Studio Solution File, Format Version 12.00
# Visual Studio Version 16
VisualStudioVersion = 16.0.32228.343
MinimumVisualStudioVersion = 10.0.40219.1
Project("{9A19103F-16F7-4668-BE54-9A1E7A4F7556}") = "back-end-crud", "back-end-crud\back-end-crud.csproj", "{DE2ABA29-389D-4398-AEB5-3705F510A1DB}"
EndProject
Global
	GlobalSection(SolutionConfigurationPlatforms) = preSolution
		Debug|Any CPU = Debug|Any CPU
		Release|Any CPU = Release|Any CPU
	EndGlobalSection
	GlobalSection(ProjectConfigurationPlatforms) = postSolution
		{DE2ABA29-389D-4398-AEB5-3705F510A1DB}.Debug|Any CPU.ActiveCfg = Debug|Any CPU
		{DE2ABA29-389D-4398-AEB5-3705F510A1DB}.Debug|Any CPU.Build.0 = Debug|Any CPU
		{DE2ABA29-389D-4398-AEB5-3705F510A1DB}.Release|Any CPU.ActiveCfg = Release|Any CPU
		{DE2ABA29-389D-4398-AEB5-3705F510A1DB}.Release|Any CPU.Build.0 = Release|Any CPU
	EndGlobalSection
	GlobalSection(SolutionProperties) = preSolution
		HideSolutionNode = FALSE
	EndGlobalSection
	GlobalSection(ExtensibilityGlobals) = postSolution
		SolutionGuid = {24820FD8-F601-4B6B-9F66-899DD961E23B}
	EndGlobalSection
EndGlobal
